
Microsoft Visual Studio Solution File, Format Version 12.00
# Visual Studio Version 17
VisualStudioVersion = 17.14.36603.0 d17.14
MinimumVisualStudioVersion = 10.0.40219.1
Project("{FAE04EC0-301F-11D3-BF4B-00C04F79EFBC}") = "HRMS_M3_VS", "HRMS_M3_VS\HRMS_M3_VS.csproj", "{BCBD9AE3-E613-449A-BBD0-FE7E5AD9E8D0}"
EndProject
Global
	GlobalSection(SolutionConfigurationPlatforms) = preSolution
		Debug|Any CPU = Debug|Any CPU
		Release|Any CPU = Release|Any CPU
	EndGlobalSection
	GlobalSection(ProjectConfigurationPlatforms) = postSolution
		{BCBD9AE3-E613-449A-BBD0-FE7E5AD9E8D0}.Debug|Any CPU.ActiveCfg = Debug|Any CPU
		{BCBD9AE3-E613-449A-BBD0-FE7E5AD9E8D0}.Debug|Any CPU.Build.0 = Debug|Any CPU
		{BCBD9AE3-E613-449A-BBD0-FE7E5AD9E8D0}.Release|Any CPU.ActiveCfg = Release|Any CPU
		{BCBD9AE3-E613-449A-BBD0-FE7E5AD9E8D0}.Release|Any CPU.Build.0 = Release|Any CPU
	EndGlobalSection
	GlobalSection(SolutionProperties) = preSolution
		HideSolutionNode = FALSE
	EndGlobalSection
	GlobalSection(ExtensibilityGlobals) = postSolution
		SolutionGuid = {AC29B462-9F5D-45CC-99BC-EAEA1B1066A3}
	EndGlobalSection
EndGlobal
